<Solution>
  <Project Path="MethodsOpg1.1/MethodsOpg1.01.csproj" />
  <Project Path="MethodsOpg1.10/MethodsOpg1.11.csproj" />
  <Project Path="MethodsOpg1.2/MethodsOpg1.02.csproj" />
  <Project Path="MethodsOpg1.3/MethodsOpg1.03.csproj" />
  <Project Path="MethodsOpg1.4/MethodsOpg1.04.csproj" />
  <Project Path="MethodsOpg1.5/MethodsOpg1.05.csproj" />
  <Project Path="MethodsOpg1.6/MethodsOpg1.06.csproj" />
  <Project Path="MethodsOpg1.7/MethodsOpg1.07.csproj" />
  <Project Path="MethodsOpg1.8/MethodsOpg1.08.csproj" />
  <Project Path="MethodsOpg1.9/MethodsOpg1.09.csproj" />
</Solution>
