<Solution>
  <Project Path="MethodsOpg1.1/MethodsOpg1.01.csproj" />
  <Project Path="MethodsOpg1.10/MethodsOpg1.11.csproj" />
  <Project Path="MethodsOpg1.2/MethodsOpg1.02.csproj" />
  <Project Path="MethodsOpg1.3/MethodsOpg1.03.csproj" />
  <Project Path="MethodsOpg1.4/MethodsOpg1.04.csproj" />
  <Project Path="MethodsOpg1.5/MethodsOpg1.05.csproj" />
  <Project Path="MethodsOpg1.6/MethodsOpg1.06.csproj" />
  <Project Path="MethodsOpg1.7/MethodsOpg1.07.csproj" />
  <Project Path="MethodsOpg1.8/MethodsOpg1.08.csproj" />
  <Project Path="MethodsOpg1.9/MethodsOpg1.09.csproj" />
  <Project Path="MethodsOpg2.01/MethodsOpg2.01.csproj" Id="af0ca410-de33-46bb-ba51-6d9f4d94247f" />
  <Project Path="MethodsOpg3.01/MethodsOpg3.01.csproj" Id="97a456d5-7e7b-4e60-9148-0c6b6bb0bc26" />
</Solution>
